
Microsoft Visual Studio Solution File, Format Version 12.00
# Visual Studio 15
VisualStudioVersion = 15.0.27130.2010
MinimumVisualStudioVersion = 10.0.40219.1
Project("{F2A71F9B-5D33-465A-A702-920D77279786}") = "task2", "task2\task2.fsproj", "{88916642-423B-4EE8-BA25-0F18720AB28A}"
EndProject
Global
	GlobalSection(SolutionConfigurationPlatforms) = preSolution
		Debug|Any CPU = Debug|Any CPU
		Release|Any CPU = Release|Any CPU
	EndGlobalSection
	GlobalSection(ProjectConfigurationPlatforms) = postSolution
		{88916642-423B-4EE8-BA25-0F18720AB28A}.Debug|Any CPU.ActiveCfg = Debug|Any CPU
		{88916642-423B-4EE8-BA25-0F18720AB28A}.Debug|Any CPU.Build.0 = Debug|Any CPU
		{88916642-423B-4EE8-BA25-0F18720AB28A}.Release|Any CPU.ActiveCfg = Release|Any CPU
		{88916642-423B-4EE8-BA25-0F18720AB28A}.Release|Any CPU.Build.0 = Release|Any CPU
	EndGlobalSection
	GlobalSection(SolutionProperties) = preSolution
		HideSolutionNode = FALSE
	EndGlobalSection
	GlobalSection(ExtensibilityGlobals) = postSolution
		SolutionGuid = {89582DC3-2224-43CC-9585-B9857302AB98}
	EndGlobalSection
EndGlobal
