
Microsoft Visual Studio Solution File, Format Version 12.00
# Visual Studio 15
VisualStudioVersion = 15.0.27130.2010
MinimumVisualStudioVersion = 10.0.40219.1
Project("{F2A71F9B-5D33-465A-A702-920D77279786}") = "task4", "task4\task4.fsproj", "{1CBAAFB7-7F7B-4BED-859A-234B48168FB6}"
EndProject
Global
	GlobalSection(SolutionConfigurationPlatforms) = preSolution
		Debug|Any CPU = Debug|Any CPU
		Release|Any CPU = Release|Any CPU
	EndGlobalSection
	GlobalSection(ProjectConfigurationPlatforms) = postSolution
		{1CBAAFB7-7F7B-4BED-859A-234B48168FB6}.Debug|Any CPU.ActiveCfg = Debug|Any CPU
		{1CBAAFB7-7F7B-4BED-859A-234B48168FB6}.Debug|Any CPU.Build.0 = Debug|Any CPU
		{1CBAAFB7-7F7B-4BED-859A-234B48168FB6}.Release|Any CPU.ActiveCfg = Release|Any CPU
		{1CBAAFB7-7F7B-4BED-859A-234B48168FB6}.Release|Any CPU.Build.0 = Release|Any CPU
	EndGlobalSection
	GlobalSection(SolutionProperties) = preSolution
		HideSolutionNode = FALSE
	EndGlobalSection
	GlobalSection(ExtensibilityGlobals) = postSolution
		SolutionGuid = {2689559B-2A6F-4452-A3A3-277BBB8AA64E}
	EndGlobalSection
EndGlobal
