
Microsoft Visual Studio Solution File, Format Version 12.00
# Visual Studio 15
VisualStudioVersion = 15.0.26730.16
MinimumVisualStudioVersion = 10.0.40219.1
Project("{FAE04EC0-301F-11D3-BF4B-00C04F79EFBC}") = "task1", "task1\task1.csproj", "{4CFC04E1-B4E4-4F4D-ADBB-7235C729F60B}"
EndProject
Project("{FAE04EC0-301F-11D3-BF4B-00C04F79EFBC}") = "task1Tests", "task1Tests\task1Tests.csproj", "{35A3C59C-41DA-4B5D-87AB-774AB1A666EE}"
EndProject
Global
	GlobalSection(SolutionConfigurationPlatforms) = preSolution
		Debug|Any CPU = Debug|Any CPU
		Release|Any CPU = Release|Any CPU
	EndGlobalSection
	GlobalSection(ProjectConfigurationPlatforms) = postSolution
		{4CFC04E1-B4E4-4F4D-ADBB-7235C729F60B}.Debug|Any CPU.ActiveCfg = Debug|Any CPU
		{4CFC04E1-B4E4-4F4D-ADBB-7235C729F60B}.Debug|Any CPU.Build.0 = Debug|Any CPU
		{4CFC04E1-B4E4-4F4D-ADBB-7235C729F60B}.Release|Any CPU.ActiveCfg = Release|Any CPU
		{4CFC04E1-B4E4-4F4D-ADBB-7235C729F60B}.Release|Any CPU.Build.0 = Release|Any CPU
		{35A3C59C-41DA-4B5D-87AB-774AB1A666EE}.Debug|Any CPU.ActiveCfg = Debug|Any CPU
		{35A3C59C-41DA-4B5D-87AB-774AB1A666EE}.Debug|Any CPU.Build.0 = Debug|Any CPU
		{35A3C59C-41DA-4B5D-87AB-774AB1A666EE}.Release|Any CPU.ActiveCfg = Release|Any CPU
		{35A3C59C-41DA-4B5D-87AB-774AB1A666EE}.Release|Any CPU.Build.0 = Release|Any CPU
	EndGlobalSection
	GlobalSection(SolutionProperties) = preSolution
		HideSolutionNode = FALSE
	EndGlobalSection
	GlobalSection(ExtensibilityGlobals) = postSolution
		SolutionGuid = {3261B515-76D3-47C3-9D84-34A63183083F}
	EndGlobalSection
EndGlobal
