
Microsoft Visual Studio Solution File, Format Version 12.00
# Visual Studio 15
VisualStudioVersion = 15.0.27130.2010
MinimumVisualStudioVersion = 10.0.40219.1
Project("{F2A71F9B-5D33-465A-A702-920D77279786}") = "hw3", "hw3\hw3.fsproj", "{AAA41B17-DC0A-421A-A0C4-2C526BD23609}"
EndProject
Global
	GlobalSection(SolutionConfigurationPlatforms) = preSolution
		Debug|Any CPU = Debug|Any CPU
		Release|Any CPU = Release|Any CPU
	EndGlobalSection
	GlobalSection(ProjectConfigurationPlatforms) = postSolution
		{AAA41B17-DC0A-421A-A0C4-2C526BD23609}.Debug|Any CPU.ActiveCfg = Debug|Any CPU
		{AAA41B17-DC0A-421A-A0C4-2C526BD23609}.Debug|Any CPU.Build.0 = Debug|Any CPU
		{AAA41B17-DC0A-421A-A0C4-2C526BD23609}.Release|Any CPU.ActiveCfg = Release|Any CPU
		{AAA41B17-DC0A-421A-A0C4-2C526BD23609}.Release|Any CPU.Build.0 = Release|Any CPU
	EndGlobalSection
	GlobalSection(SolutionProperties) = preSolution
		HideSolutionNode = FALSE
	EndGlobalSection
	GlobalSection(ExtensibilityGlobals) = postSolution
		SolutionGuid = {B466644A-C36F-44C1-86B5-3AD2602B9C95}
	EndGlobalSection
EndGlobal
